
Microsoft Visual Studio Solution File, Format Version 12.00
# Visual Studio 14
VisualStudioVersion = 14.0.25420.1
MinimumVisualStudioVersion = 10.0.40219.1
Project("{FAE04EC0-301F-11D3-BF4B-00C04F79EFBC}") = "SinemaCityStartUp", "SinemaCityStartUp\SinemaCityStartUp.csproj", "{0FF808A8-6269-410E-BFE6-D48216978906}"
EndProject
Project("{FAE04EC0-301F-11D3-BF4B-00C04F79EFBC}") = "CinemaCityData", "CinemaCityData\CinemaCityData.csproj", "{DD3B8495-4F04-41D8-9DB6-13FCE21537E0}"
EndProject
Global
	GlobalSection(SolutionConfigurationPlatforms) = preSolution
		Debug|Any CPU = Debug|Any CPU
		Release|Any CPU = Release|Any CPU
	EndGlobalSection
	GlobalSection(ProjectConfigurationPlatforms) = postSolution
		{0FF808A8-6269-410E-BFE6-D48216978906}.Debug|Any CPU.ActiveCfg = Debug|Any CPU
		{0FF808A8-6269-410E-BFE6-D48216978906}.Debug|Any CPU.Build.0 = Debug|Any CPU
		{0FF808A8-6269-410E-BFE6-D48216978906}.Release|Any CPU.ActiveCfg = Release|Any CPU
		{0FF808A8-6269-410E-BFE6-D48216978906}.Release|Any CPU.Build.0 = Release|Any CPU
		{DD3B8495-4F04-41D8-9DB6-13FCE21537E0}.Debug|Any CPU.ActiveCfg = Debug|Any CPU
		{DD3B8495-4F04-41D8-9DB6-13FCE21537E0}.Debug|Any CPU.Build.0 = Debug|Any CPU
		{DD3B8495-4F04-41D8-9DB6-13FCE21537E0}.Release|Any CPU.ActiveCfg = Release|Any CPU
		{DD3B8495-4F04-41D8-9DB6-13FCE21537E0}.Release|Any CPU.Build.0 = Release|Any CPU
	EndGlobalSection
	GlobalSection(SolutionProperties) = preSolution
		HideSolutionNode = FALSE
	EndGlobalSection
EndGlobal
